
Microsoft Visual Studio Solution File, Format Version 12.00
# Visual Studio Version 17
VisualStudioVersion = 17.4.32804.182
MinimumVisualStudioVersion = 10.0.40219.1
Project("{FAE04EC0-301F-11D3-BF4B-00C04F79EFBC}") = "eTickets", "eTickets\eTickets.csproj", "{4092E82F-768F-417D-B5E5-69FCA6557F81}"
EndProject
Global
	GlobalSection(SolutionConfigurationPlatforms) = preSolution
		Debug|Any CPU = Debug|Any CPU
		Release|Any CPU = Release|Any CPU
	EndGlobalSection
	GlobalSection(ProjectConfigurationPlatforms) = postSolution
		{4092E82F-768F-417D-B5E5-69FCA6557F81}.Debug|Any CPU.ActiveCfg = Debug|Any CPU
		{4092E82F-768F-417D-B5E5-69FCA6557F81}.Debug|Any CPU.Build.0 = Debug|Any CPU
		{4092E82F-768F-417D-B5E5-69FCA6557F81}.Release|Any CPU.ActiveCfg = Release|Any CPU
		{4092E82F-768F-417D-B5E5-69FCA6557F81}.Release|Any CPU.Build.0 = Release|Any CPU
	EndGlobalSection
	GlobalSection(SolutionProperties) = preSolution
		HideSolutionNode = FALSE
	EndGlobalSection
	GlobalSection(ExtensibilityGlobals) = postSolution
		SolutionGuid = {0E1CB759-A6B6-45EA-9F34-3CD5E2B20082}
	EndGlobalSection
EndGlobal
